
Microsoft Visual Studio Solution File, Format Version 12.00
# Visual Studio Version 17
VisualStudioVersion = 17.4.33110.190
MinimumVisualStudioVersion = 10.0.40219.1
Project("{9A19103F-16F7-4668-BE54-9A1E7A4F7556}") = "RESTFunctions", "RESTFunctions\RESTFunctions.csproj", "{92E10ADC-372C-4E05-8CFB-5D1FEC08DBB2}"
EndProject
Project("{E53339B2-1760-4266-BCC7-CA923CBCF16C}") = "docker-compose", "docker-compose.dcproj", "{354623DD-53D4-4C76-A52C-ADE45B850C0C}"
EndProject
Global
	GlobalSection(SolutionConfigurationPlatforms) = preSolution
		Debug|Any CPU = Debug|Any CPU
		Release|Any CPU = Release|Any CPU
	EndGlobalSection
	GlobalSection(ProjectConfigurationPlatforms) = postSolution
		{92E10ADC-372C-4E05-8CFB-5D1FEC08DBB2}.Debug|Any CPU.ActiveCfg = Debug|Any CPU
		{92E10ADC-372C-4E05-8CFB-5D1FEC08DBB2}.Debug|Any CPU.Build.0 = Debug|Any CPU
		{92E10ADC-372C-4E05-8CFB-5D1FEC08DBB2}.Release|Any CPU.ActiveCfg = Release|Any CPU
		{92E10ADC-372C-4E05-8CFB-5D1FEC08DBB2}.Release|Any CPU.Build.0 = Release|Any CPU
		{354623DD-53D4-4C76-A52C-ADE45B850C0C}.Debug|Any CPU.ActiveCfg = Debug|Any CPU
		{354623DD-53D4-4C76-A52C-ADE45B850C0C}.Debug|Any CPU.Build.0 = Debug|Any CPU
		{354623DD-53D4-4C76-A52C-ADE45B850C0C}.Release|Any CPU.ActiveCfg = Release|Any CPU
		{354623DD-53D4-4C76-A52C-ADE45B850C0C}.Release|Any CPU.Build.0 = Release|Any CPU
	EndGlobalSection
	GlobalSection(SolutionProperties) = preSolution
		HideSolutionNode = FALSE
	EndGlobalSection
	GlobalSection(ExtensibilityGlobals) = postSolution
		SolutionGuid = {6E87B1E5-EE00-4B9E-A189-52ABD48BCE94}
	EndGlobalSection
EndGlobal
