
Microsoft Visual Studio Solution File, Format Version 12.00
# Visual Studio Version 17
VisualStudioVersion = 17.2.32505.173
MinimumVisualStudioVersion = 10.0.40219.1
Project("{9A19103F-16F7-4668-BE54-9A1E7A4F7556}") = "UserMigration", "UserMigration.csproj", "{E6C03C71-E425-4DBA-AC87-AC7806E89BB5}"
EndProject
Global
	GlobalSection(SolutionConfigurationPlatforms) = preSolution
		Debug|Any CPU = Debug|Any CPU
		Release|Any CPU = Release|Any CPU
	EndGlobalSection
	GlobalSection(ProjectConfigurationPlatforms) = postSolution
		{E6C03C71-E425-4DBA-AC87-AC7806E89BB5}.Debug|Any CPU.ActiveCfg = Debug|Any CPU
		{E6C03C71-E425-4DBA-AC87-AC7806E89BB5}.Debug|Any CPU.Build.0 = Debug|Any CPU
		{E6C03C71-E425-4DBA-AC87-AC7806E89BB5}.Release|Any CPU.ActiveCfg = Release|Any CPU
		{E6C03C71-E425-4DBA-AC87-AC7806E89BB5}.Release|Any CPU.Build.0 = Release|Any CPU
	EndGlobalSection
	GlobalSection(SolutionProperties) = preSolution
		HideSolutionNode = FALSE
	EndGlobalSection
	GlobalSection(ExtensibilityGlobals) = postSolution
		SolutionGuid = {B75989D2-1BB4-424E-9D8D-89B86D977A7E}
	EndGlobalSection
EndGlobal
