
Microsoft Visual Studio Solution File, Format Version 12.00
# Visual Studio Version 17
VisualStudioVersion = 17.5.002.0
MinimumVisualStudioVersion = 10.0.40219.1
Project("{9A19103F-16F7-4668-BE54-9A1E7A4F7556}") = "B2CFuncs", "B2CFuncs.csproj", "{D6A6D09F-A742-4B6D-8BAC-72578D18D1C1}"
EndProject
Global
	GlobalSection(SolutionConfigurationPlatforms) = preSolution
		Debug|Any CPU = Debug|Any CPU
		Release|Any CPU = Release|Any CPU
	EndGlobalSection
	GlobalSection(ProjectConfigurationPlatforms) = postSolution
		{D6A6D09F-A742-4B6D-8BAC-72578D18D1C1}.Debug|Any CPU.ActiveCfg = Debug|Any CPU
		{D6A6D09F-A742-4B6D-8BAC-72578D18D1C1}.Debug|Any CPU.Build.0 = Debug|Any CPU
		{D6A6D09F-A742-4B6D-8BAC-72578D18D1C1}.Release|Any CPU.ActiveCfg = Release|Any CPU
		{D6A6D09F-A742-4B6D-8BAC-72578D18D1C1}.Release|Any CPU.Build.0 = Release|Any CPU
	EndGlobalSection
	GlobalSection(SolutionProperties) = preSolution
		HideSolutionNode = FALSE
	EndGlobalSection
	GlobalSection(ExtensibilityGlobals) = postSolution
		SolutionGuid = {309E05A0-A2BD-4EC0-986E-604951F96B25}
	EndGlobalSection
EndGlobal
